<Solution>
  <Folder Name="/Task0/">
    <Project Path="Tyuiu.StachinskiiVS.Sprint3.Task0.V12.Lib/Tyuiu.StachinskiiVS.Sprint3.Task0.V12.Lib.csproj" />
    <Project Path="Tyuiu.StachinskiiVS.Sprint3.Task0.V12.Test/Tyuiu.StachinskiiVS.Sprint3.Task0.V12.Test.csproj" />
    <Project Path="Tyuiu.StachinskiiVS.Sprint3.Task0.V12/Tyuiu.StachinskiiVS.Sprint3.Task0.V12.csproj" />
  </Folder>
</Solution>
